
Microsoft Visual Studio Solution File, Format Version 12.00
# Visual Studio Version 16
VisualStudioVersion = 16.0.29709.97
MinimumVisualStudioVersion = 10.0.40219.1
Project("{FAE04EC0-301F-11D3-BF4B-00C04F79EFBC}") = "Registration", "Registration\Registration.csproj", "{5C0BB154-37E9-4961-A1C2-3E4C3CFAEBE8}"
EndProject
Project("{FAE04EC0-301F-11D3-BF4B-00C04F79EFBC}") = "Authentication", "Authentication\Authentication.csproj", "{723A5FDC-2A94-401D-BB99-2E36ACF620CD}"
EndProject
Project("{FAE04EC0-301F-11D3-BF4B-00C04F79EFBC}") = "Database", "Database\Database.csproj", "{6E6E5EF9-2FC5-4CF4-A0CA-AF1F6F252A91}"
EndProject
Global
	GlobalSection(SolutionConfigurationPlatforms) = preSolution
		Debug|Any CPU = Debug|Any CPU
		Release|Any CPU = Release|Any CPU
	EndGlobalSection
	GlobalSection(ProjectConfigurationPlatforms) = postSolution
		{5C0BB154-37E9-4961-A1C2-3E4C3CFAEBE8}.Debug|Any CPU.ActiveCfg = Debug|Any CPU
		{5C0BB154-37E9-4961-A1C2-3E4C3CFAEBE8}.Debug|Any CPU.Build.0 = Debug|Any CPU
		{5C0BB154-37E9-4961-A1C2-3E4C3CFAEBE8}.Release|Any CPU.ActiveCfg = Release|Any CPU
		{5C0BB154-37E9-4961-A1C2-3E4C3CFAEBE8}.Release|Any CPU.Build.0 = Release|Any CPU
		{723A5FDC-2A94-401D-BB99-2E36ACF620CD}.Debug|Any CPU.ActiveCfg = Debug|Any CPU
		{723A5FDC-2A94-401D-BB99-2E36ACF620CD}.Debug|Any CPU.Build.0 = Debug|Any CPU
		{723A5FDC-2A94-401D-BB99-2E36ACF620CD}.Release|Any CPU.ActiveCfg = Release|Any CPU
		{723A5FDC-2A94-401D-BB99-2E36ACF620CD}.Release|Any CPU.Build.0 = Release|Any CPU
		{6E6E5EF9-2FC5-4CF4-A0CA-AF1F6F252A91}.Debug|Any CPU.ActiveCfg = Debug|Any CPU
		{6E6E5EF9-2FC5-4CF4-A0CA-AF1F6F252A91}.Debug|Any CPU.Build.0 = Debug|Any CPU
		{6E6E5EF9-2FC5-4CF4-A0CA-AF1F6F252A91}.Release|Any CPU.ActiveCfg = Release|Any CPU
		{6E6E5EF9-2FC5-4CF4-A0CA-AF1F6F252A91}.Release|Any CPU.Build.0 = Release|Any CPU
	EndGlobalSection
	GlobalSection(SolutionProperties) = preSolution
		HideSolutionNode = FALSE
	EndGlobalSection
	GlobalSection(ExtensibilityGlobals) = postSolution
		SolutionGuid = {19105551-413D-40E5-8C35-62E08E8853C5}
	EndGlobalSection
EndGlobal
